
Microsoft Visual Studio Solution File, Format Version 12.00
# Visual Studio Version 17
VisualStudioVersion = 17.0.31919.166
MinimumVisualStudioVersion = 10.0.40219.1
Project("{FAE04EC0-301F-11D3-BF4B-00C04F79EFBC}") = "LoRModPack-Re21341", "LoRModPack-Re\LoRModPack-Re21341.csproj", "{314490C4-AB59-4C68-8419-B6044CA9F2D8}"
EndProject
Project("{FAE04EC0-301F-11D3-BF4B-00C04F79EFBC}") = "Kamiyo-Re21341", "Kamiyo-Re21341\Kamiyo-Re21341.csproj", "{E8E54F99-6663-487B-910A-69BAC555D6D4}"
EndProject
Project("{FAE04EC0-301F-11D3-BF4B-00C04F79EFBC}") = "Util-Re21341", "Util-Re21341\Util-Re21341.csproj", "{DACDC2EA-D97B-47B0-BA6A-1E0D27800C68}"
EndProject
Project("{FAE04EC0-301F-11D3-BF4B-00C04F79EFBC}") = "BLL-Re21341", "BLL-Re21341\BLL-Re21341.csproj", "{1DF30575-B636-45B5-B748-A37D420C63F0}"
EndProject
Project("{FAE04EC0-301F-11D3-BF4B-00C04F79EFBC}") = "OldSamurai-Re21341", "OldSamurai-Re21341\OldSamurai-Re21341.csproj", "{7E6E131E-7DFB-46F2-AE55-5889932B9476}"
EndProject
Project("{FAE04EC0-301F-11D3-BF4B-00C04F79EFBC}") = "Mio-Re21341", "Mio-Re21341\Mio-Re21341.csproj", "{D8511094-97E9-4B2B-9D69-D59BD85D2260}"
EndProject
Project("{FAE04EC0-301F-11D3-BF4B-00C04F79EFBC}") = "Hayate-Re21341", "Hayate-Re21341\Hayate-Re21341.csproj", "{8F00951C-2936-4691-812A-89ACCC8D649A}"
EndProject
Project("{FAE04EC0-301F-11D3-BF4B-00C04F79EFBC}") = "Binah-Re21341", "Binah-Re21341\Binah-Re21341.csproj", "{B09E9A82-4860-45FC-BDB4-F8018BAFFD48}"
EndProject
Project("{FAE04EC0-301F-11D3-BF4B-00C04F79EFBC}") = "Roland-Re21341", "Roland-Re21341\Roland-Re21341.csproj", "{4B7A5F90-ADEB-4437-90DB-B5C809AD0B2F}"
EndProject
Project("{FAE04EC0-301F-11D3-BF4B-00C04F79EFBC}") = "EmotionalBurstPassive-Re21341", "EmotionalBurstPassive-Re21341\EmotionalBurstPassive-Re21341.csproj", "{AFDCA036-F151-46A9-919F-AA3ABC08DEC5}"
EndProject
Project("{FAE04EC0-301F-11D3-BF4B-00C04F79EFBC}") = "Wilton_Re21341", "Wilton_Re21341\Wilton_Re21341.csproj", "{DE205ABD-5B43-41BE-BEE4-5B2FD3E4224C}"
EndProject
Project("{FAE04EC0-301F-11D3-BF4B-00C04F79EFBC}") = "Raziel-Re21341", "Raziel-Re21341\Raziel-Re21341.csproj", "{0A10BAE6-9C1E-450D-A0CE-7C6DBFE92B96}"
EndProject
Global
	GlobalSection(SolutionConfigurationPlatforms) = preSolution
		Debug|Any CPU = Debug|Any CPU
		Release|Any CPU = Release|Any CPU
	EndGlobalSection
	GlobalSection(ProjectConfigurationPlatforms) = postSolution
		{314490C4-AB59-4C68-8419-B6044CA9F2D8}.Debug|Any CPU.ActiveCfg = Debug|Any CPU
		{314490C4-AB59-4C68-8419-B6044CA9F2D8}.Debug|Any CPU.Build.0 = Debug|Any CPU
		{314490C4-AB59-4C68-8419-B6044CA9F2D8}.Release|Any CPU.ActiveCfg = Release|Any CPU
		{314490C4-AB59-4C68-8419-B6044CA9F2D8}.Release|Any CPU.Build.0 = Release|Any CPU
		{E8E54F99-6663-487B-910A-69BAC555D6D4}.Debug|Any CPU.ActiveCfg = Debug|Any CPU
		{E8E54F99-6663-487B-910A-69BAC555D6D4}.Debug|Any CPU.Build.0 = Debug|Any CPU
		{E8E54F99-6663-487B-910A-69BAC555D6D4}.Release|Any CPU.ActiveCfg = Release|Any CPU
		{E8E54F99-6663-487B-910A-69BAC555D6D4}.Release|Any CPU.Build.0 = Release|Any CPU
		{DACDC2EA-D97B-47B0-BA6A-1E0D27800C68}.Debug|Any CPU.ActiveCfg = Debug|Any CPU
		{DACDC2EA-D97B-47B0-BA6A-1E0D27800C68}.Debug|Any CPU.Build.0 = Debug|Any CPU
		{DACDC2EA-D97B-47B0-BA6A-1E0D27800C68}.Release|Any CPU.ActiveCfg = Release|Any CPU
		{DACDC2EA-D97B-47B0-BA6A-1E0D27800C68}.Release|Any CPU.Build.0 = Release|Any CPU
		{1DF30575-B636-45B5-B748-A37D420C63F0}.Debug|Any CPU.ActiveCfg = Debug|Any CPU
		{1DF30575-B636-45B5-B748-A37D420C63F0}.Debug|Any CPU.Build.0 = Debug|Any CPU
		{1DF30575-B636-45B5-B748-A37D420C63F0}.Release|Any CPU.ActiveCfg = Release|Any CPU
		{1DF30575-B636-45B5-B748-A37D420C63F0}.Release|Any CPU.Build.0 = Release|Any CPU
		{7E6E131E-7DFB-46F2-AE55-5889932B9476}.Debug|Any CPU.ActiveCfg = Debug|Any CPU
		{7E6E131E-7DFB-46F2-AE55-5889932B9476}.Debug|Any CPU.Build.0 = Debug|Any CPU
		{7E6E131E-7DFB-46F2-AE55-5889932B9476}.Release|Any CPU.ActiveCfg = Release|Any CPU
		{7E6E131E-7DFB-46F2-AE55-5889932B9476}.Release|Any CPU.Build.0 = Release|Any CPU
		{D8511094-97E9-4B2B-9D69-D59BD85D2260}.Debug|Any CPU.ActiveCfg = Debug|Any CPU
		{D8511094-97E9-4B2B-9D69-D59BD85D2260}.Debug|Any CPU.Build.0 = Debug|Any CPU
		{D8511094-97E9-4B2B-9D69-D59BD85D2260}.Release|Any CPU.ActiveCfg = Release|Any CPU
		{D8511094-97E9-4B2B-9D69-D59BD85D2260}.Release|Any CPU.Build.0 = Release|Any CPU
		{8F00951C-2936-4691-812A-89ACCC8D649A}.Debug|Any CPU.ActiveCfg = Debug|Any CPU
		{8F00951C-2936-4691-812A-89ACCC8D649A}.Debug|Any CPU.Build.0 = Debug|Any CPU
		{8F00951C-2936-4691-812A-89ACCC8D649A}.Release|Any CPU.ActiveCfg = Release|Any CPU
		{8F00951C-2936-4691-812A-89ACCC8D649A}.Release|Any CPU.Build.0 = Release|Any CPU
		{B09E9A82-4860-45FC-BDB4-F8018BAFFD48}.Debug|Any CPU.ActiveCfg = Debug|Any CPU
		{B09E9A82-4860-45FC-BDB4-F8018BAFFD48}.Debug|Any CPU.Build.0 = Debug|Any CPU
		{B09E9A82-4860-45FC-BDB4-F8018BAFFD48}.Release|Any CPU.ActiveCfg = Release|Any CPU
		{B09E9A82-4860-45FC-BDB4-F8018BAFFD48}.Release|Any CPU.Build.0 = Release|Any CPU
		{4B7A5F90-ADEB-4437-90DB-B5C809AD0B2F}.Debug|Any CPU.ActiveCfg = Debug|Any CPU
		{4B7A5F90-ADEB-4437-90DB-B5C809AD0B2F}.Debug|Any CPU.Build.0 = Debug|Any CPU
		{4B7A5F90-ADEB-4437-90DB-B5C809AD0B2F}.Release|Any CPU.ActiveCfg = Release|Any CPU
		{4B7A5F90-ADEB-4437-90DB-B5C809AD0B2F}.Release|Any CPU.Build.0 = Release|Any CPU
		{AFDCA036-F151-46A9-919F-AA3ABC08DEC5}.Debug|Any CPU.ActiveCfg = Debug|Any CPU
		{AFDCA036-F151-46A9-919F-AA3ABC08DEC5}.Debug|Any CPU.Build.0 = Debug|Any CPU
		{AFDCA036-F151-46A9-919F-AA3ABC08DEC5}.Release|Any CPU.ActiveCfg = Release|Any CPU
		{AFDCA036-F151-46A9-919F-AA3ABC08DEC5}.Release|Any CPU.Build.0 = Release|Any CPU
		{DE205ABD-5B43-41BE-BEE4-5B2FD3E4224C}.Debug|Any CPU.ActiveCfg = Debug|Any CPU
		{DE205ABD-5B43-41BE-BEE4-5B2FD3E4224C}.Debug|Any CPU.Build.0 = Debug|Any CPU
		{DE205ABD-5B43-41BE-BEE4-5B2FD3E4224C}.Release|Any CPU.ActiveCfg = Release|Any CPU
		{DE205ABD-5B43-41BE-BEE4-5B2FD3E4224C}.Release|Any CPU.Build.0 = Release|Any CPU
		{0A10BAE6-9C1E-450D-A0CE-7C6DBFE92B96}.Debug|Any CPU.ActiveCfg = Debug|Any CPU
		{0A10BAE6-9C1E-450D-A0CE-7C6DBFE92B96}.Debug|Any CPU.Build.0 = Debug|Any CPU
		{0A10BAE6-9C1E-450D-A0CE-7C6DBFE92B96}.Release|Any CPU.ActiveCfg = Release|Any CPU
		{0A10BAE6-9C1E-450D-A0CE-7C6DBFE92B96}.Release|Any CPU.Build.0 = Release|Any CPU
	EndGlobalSection
	GlobalSection(SolutionProperties) = preSolution
		HideSolutionNode = FALSE
	EndGlobalSection
	GlobalSection(ExtensibilityGlobals) = postSolution
		SolutionGuid = {C0EC7FBB-34B9-4976-A34D-576B4525637D}
	EndGlobalSection
EndGlobal
